
Microsoft Visual Studio Solution File, Format Version 12.00
# Visual Studio 14
VisualStudioVersion = 14.0.25420.1
MinimumVisualStudioVersion = 10.0.40219.1
Project("{FAE04EC0-301F-11D3-BF4B-00C04F79EFBC}") = "MVCRockStar_21102021", "MVCRockStar_21102021\MVCRockStar_21102021.csproj", "{275E59ED-2599-46FE-98A9-3F466237CEC3}"
EndProject
Project("{FAE04EC0-301F-11D3-BF4B-00C04F79EFBC}") = "AdoNet", "AdoNet\AdoNet.csproj", "{57B0A875-CC2E-404B-B93E-A7CB2C66DDBB}"
EndProject
Global
	GlobalSection(SolutionConfigurationPlatforms) = preSolution
		Debug|Any CPU = Debug|Any CPU
		Release|Any CPU = Release|Any CPU
	EndGlobalSection
	GlobalSection(ProjectConfigurationPlatforms) = postSolution
		{275E59ED-2599-46FE-98A9-3F466237CEC3}.Debug|Any CPU.ActiveCfg = Debug|Any CPU
		{275E59ED-2599-46FE-98A9-3F466237CEC3}.Debug|Any CPU.Build.0 = Debug|Any CPU
		{275E59ED-2599-46FE-98A9-3F466237CEC3}.Release|Any CPU.ActiveCfg = Release|Any CPU
		{275E59ED-2599-46FE-98A9-3F466237CEC3}.Release|Any CPU.Build.0 = Release|Any CPU
		{57B0A875-CC2E-404B-B93E-A7CB2C66DDBB}.Debug|Any CPU.ActiveCfg = Debug|Any CPU
		{57B0A875-CC2E-404B-B93E-A7CB2C66DDBB}.Debug|Any CPU.Build.0 = Debug|Any CPU
		{57B0A875-CC2E-404B-B93E-A7CB2C66DDBB}.Release|Any CPU.ActiveCfg = Release|Any CPU
		{57B0A875-CC2E-404B-B93E-A7CB2C66DDBB}.Release|Any CPU.Build.0 = Release|Any CPU
	EndGlobalSection
	GlobalSection(SolutionProperties) = preSolution
		HideSolutionNode = FALSE
	EndGlobalSection
EndGlobal
